
Microsoft Visual Studio Solution File, Format Version 12.00
# Visual Studio 15
Project("{FAE04EC0-301F-11D3-BF4B-00C04F79EFBC}") = "UnityEngine.UI", "UnityEngine.UI.csproj", "{52DE068B-2C49-5BB5-DB80-FC490196BE0E}"
EndProject
Project("{FAE04EC0-301F-11D3-BF4B-00C04F79EFBC}") = "Unity.ProBuilder", "Unity.ProBuilder.csproj", "{AF25F29B-9D7D-456E-04F6-C41D586C4D04}"
EndProject
Project("{FAE04EC0-301F-11D3-BF4B-00C04F79EFBC}") = "UnityEngine.TestRunner", "UnityEngine.TestRunner.csproj", "{EBD48AF2-A6B5-2DFD-7AFE-0B4267A5E86F}"
EndProject
Project("{FAE04EC0-301F-11D3-BF4B-00C04F79EFBC}") = "Unity.Postprocessing.Runtime", "Unity.Postprocessing.Runtime.csproj", "{9BAFC2EF-67B2-730B-D26C-28D9EA5AAB34}"
EndProject
Project("{FAE04EC0-301F-11D3-BF4B-00C04F79EFBC}") = "Assembly-CSharp", "Assembly-CSharp.csproj", "{B17E120F-FFDB-1CC0-172D-48717C12A3DF}"
EndProject
Project("{FAE04EC0-301F-11D3-BF4B-00C04F79EFBC}") = "Unity.TextMeshPro", "Unity.TextMeshPro.csproj", "{4FD5E764-870B-02F2-BF69-3CB118D3F8CC}"
EndProject
Project("{FAE04EC0-301F-11D3-BF4B-00C04F79EFBC}") = "Unity.Timeline", "Unity.Timeline.csproj", "{A76CD8F1-56C1-B4AF-C106-14B280448218}"
EndProject
Project("{FAE04EC0-301F-11D3-BF4B-00C04F79EFBC}") = "UnityEngine.Purchasing", "UnityEngine.Purchasing.csproj", "{CF599C0A-4FE0-DCF8-95F8-C58B83A58181}"
EndProject
Project("{FAE04EC0-301F-11D3-BF4B-00C04F79EFBC}") = "UnityEngine.Advertisements", "UnityEngine.Advertisements.csproj", "{B29D216D-0C65-3037-75ED-DF2FC2109B2E}"
EndProject
Project("{FAE04EC0-301F-11D3-BF4B-00C04F79EFBC}") = "Unity.ProBuilder.Poly2Tri", "Unity.ProBuilder.Poly2Tri.csproj", "{459BFA0F-2E6C-8578-9B60-ED9477723A8C}"
EndProject
Project("{FAE04EC0-301F-11D3-BF4B-00C04F79EFBC}") = "Unity.Analytics.DataPrivacy", "Unity.Analytics.DataPrivacy.csproj", "{5BAE7376-94E6-D82C-1825-C0CBE9214FE4}"
EndProject
Project("{FAE04EC0-301F-11D3-BF4B-00C04F79EFBC}") = "Unity.ProBuilder.KdTree", "Unity.ProBuilder.KdTree.csproj", "{BDC7CEE1-EC30-AEA8-6DF3-5B36F214F040}"
EndProject
Project("{FAE04EC0-301F-11D3-BF4B-00C04F79EFBC}") = "UnityEngine.Monetization", "UnityEngine.Monetization.csproj", "{47E29DD0-B46B-9982-8427-64AB439FE034}"
EndProject
Project("{FAE04EC0-301F-11D3-BF4B-00C04F79EFBC}") = "UnityEngine.XR.LegacyInputHelpers", "UnityEngine.XR.LegacyInputHelpers.csproj", "{D9B7FA33-DF35-0B0F-0480-D6E66A39F121}"
EndProject
Project("{FAE04EC0-301F-11D3-BF4B-00C04F79EFBC}") = "Unity.ProBuilder.Csg", "Unity.ProBuilder.Csg.csproj", "{BE899664-FD62-27E2-3865-A2D9063EE723}"
EndProject
Project("{FAE04EC0-301F-11D3-BF4B-00C04F79EFBC}") = "Unity.ProBuilder.Stl", "Unity.ProBuilder.Stl.csproj", "{A9A01957-BACC-0A2A-3021-06E91E3EB2CB}"
EndProject
Project("{FAE04EC0-301F-11D3-BF4B-00C04F79EFBC}") = "UnityEngine.SpatialTracking", "UnityEngine.SpatialTracking.csproj", "{A73A4CD1-27DF-113F-619F-3B4F76272B9D}"
EndProject
Project("{FAE04EC0-301F-11D3-BF4B-00C04F79EFBC}") = "UnityEditor.TestRunner", "UnityEditor.TestRunner.csproj", "{830F88FC-E3E4-62D0-8190-58A201E2C139}"
EndProject
Project("{FAE04EC0-301F-11D3-BF4B-00C04F79EFBC}") = "Unity.ProBuilder.Editor", "Unity.ProBuilder.Editor.csproj", "{0D433452-38D9-49ED-35F9-FEDA806894C8}"
EndProject
Project("{FAE04EC0-301F-11D3-BF4B-00C04F79EFBC}") = "Unity.TextMeshPro.Editor", "Unity.TextMeshPro.Editor.csproj", "{FC6E2563-C3EE-3BAB-9426-46CD02BBC024}"
EndProject
Project("{FAE04EC0-301F-11D3-BF4B-00C04F79EFBC}") = "Unity.Timeline.Editor", "Unity.Timeline.Editor.csproj", "{30847AAD-E120-46E6-9C0B-46E251DE58B0}"
EndProject
Project("{FAE04EC0-301F-11D3-BF4B-00C04F79EFBC}") = "Unity.CollabProxy.Editor", "Unity.CollabProxy.Editor.csproj", "{07538929-166F-1D06-616D-4E44E7AD6770}"
EndProject
Project("{FAE04EC0-301F-11D3-BF4B-00C04F79EFBC}") = "Unity.Settings.Editor", "Unity.Settings.Editor.csproj", "{172A1FFB-784E-1F70-B0CD-7415A8521E9C}"
EndProject
Project("{FAE04EC0-301F-11D3-BF4B-00C04F79EFBC}") = "Unity.2D.Sprite.Editor", "Unity.2D.Sprite.Editor.csproj", "{3A336E4C-6587-6614-2565-A573AEA1DADF}"
EndProject
Project("{FAE04EC0-301F-11D3-BF4B-00C04F79EFBC}") = "UnityEditor.UI", "UnityEditor.UI.csproj", "{0DD86726-546F-65DD-9E03-D35F09983C2C}"
EndProject
Project("{FAE04EC0-301F-11D3-BF4B-00C04F79EFBC}") = "Assembly-CSharp-Editor", "Assembly-CSharp-Editor.csproj", "{F2842075-9A43-C99E-D72E-7E872278F0E4}"
EndProject
Project("{FAE04EC0-301F-11D3-BF4B-00C04F79EFBC}") = "Unity.Rider.Editor", "Unity.Rider.Editor.csproj", "{0393AD72-5120-8C4C-0C28-7D37928EBA50}"
EndProject
Project("{FAE04EC0-301F-11D3-BF4B-00C04F79EFBC}") = "Unity.2D.Tilemap.Editor", "Unity.2D.Tilemap.Editor.csproj", "{E747F460-49F3-FB5E-9811-29B536B99B22}"
EndProject
Project("{FAE04EC0-301F-11D3-BF4B-00C04F79EFBC}") = "Unity.VisualStudio.Editor", "Unity.VisualStudio.Editor.csproj", "{ED5950B3-733C-1DA9-418C-BF952919DDA6}"
EndProject
Project("{FAE04EC0-301F-11D3-BF4B-00C04F79EFBC}") = "UnityEditor.XR.LegacyInputHelpers", "UnityEditor.XR.LegacyInputHelpers.csproj", "{23D7C387-79EC-9F4F-E409-3F17CC8276BE}"
EndProject
Project("{FAE04EC0-301F-11D3-BF4B-00C04F79EFBC}") = "Unity.Postprocessing.Editor", "Unity.Postprocessing.Editor.csproj", "{E5D6DF97-E4F6-EE76-D6E2-74BAB49E5C42}"
EndProject
Project("{FAE04EC0-301F-11D3-BF4B-00C04F79EFBC}") = "Unity.ProBuilder.AssetIdRemapUtility", "Unity.ProBuilder.AssetIdRemapUtility.csproj", "{9722AEFD-82A6-E21B-CCD5-149DD44E0131}"
EndProject
Project("{FAE04EC0-301F-11D3-BF4B-00C04F79EFBC}") = "Unity.VSCode.Editor", "Unity.VSCode.Editor.csproj", "{840EED33-483A-31D7-58F9-977DBA9CD41B}"
EndProject
Project("{FAE04EC0-301F-11D3-BF4B-00C04F79EFBC}") = "UnityEditor.Purchasing", "UnityEditor.Purchasing.csproj", "{00CCF0A0-6DD2-ABE6-3F9C-005CEE23B69A}"
EndProject
Project("{FAE04EC0-301F-11D3-BF4B-00C04F79EFBC}") = "UnityEditor.SpatialTracking", "UnityEditor.SpatialTracking.csproj", "{1872F94C-ABFD-33D2-EA95-4FEEC8C456BA}"
EndProject
Project("{FAE04EC0-301F-11D3-BF4B-00C04F79EFBC}") = "Unity.ProBuilder.AddOns.Editor", "Unity.ProBuilder.AddOns.Editor.csproj", "{54F40E36-84B3-A0BE-73B0-383C67D08E0F}"
EndProject
Project("{FAE04EC0-301F-11D3-BF4B-00C04F79EFBC}") = "UnityEngine.UI", "UnityEngine.UI.Player.csproj", "{D0D23EB7-D439-0B7A-1510-A7A456387272}"
EndProject
Project("{FAE04EC0-301F-11D3-BF4B-00C04F79EFBC}") = "Unity.ProBuilder", "Unity.ProBuilder.Player.csproj", "{448E990A-DA50-5DA7-9980-04F599C6C4E6}"
EndProject
Project("{FAE04EC0-301F-11D3-BF4B-00C04F79EFBC}") = "UnityEngine.TestRunner", "UnityEngine.TestRunner.Player.csproj", "{8A6F2BD7-D84F-E8E8-5FC2-974C836A0A61}"
EndProject
Project("{FAE04EC0-301F-11D3-BF4B-00C04F79EFBC}") = "Unity.Postprocessing.Runtime", "Unity.Postprocessing.Runtime.Player.csproj", "{86873AEB-9797-07E6-DB2F-64D1FCD6E078}"
EndProject
Project("{FAE04EC0-301F-11D3-BF4B-00C04F79EFBC}") = "Assembly-CSharp", "Assembly-CSharp.Player.csproj", "{1594C984-270B-976C-9812-63B90C4D3139}"
EndProject
Project("{FAE04EC0-301F-11D3-BF4B-00C04F79EFBC}") = "Unity.TextMeshPro", "Unity.TextMeshPro.Player.csproj", "{599348A3-17DB-4EF5-445C-0CD8575111C6}"
EndProject
Project("{FAE04EC0-301F-11D3-BF4B-00C04F79EFBC}") = "Unity.Timeline", "Unity.Timeline.Player.csproj", "{5F82E92D-29E6-076A-3D06-3968CFA489D6}"
EndProject
Project("{FAE04EC0-301F-11D3-BF4B-00C04F79EFBC}") = "UnityEngine.Purchasing", "UnityEngine.Purchasing.Player.csproj", "{311623E1-E4DB-3642-16EA-7CD015DDAE21}"
EndProject
Project("{FAE04EC0-301F-11D3-BF4B-00C04F79EFBC}") = "UnityEngine.Advertisements", "UnityEngine.Advertisements.Player.csproj", "{C817ABC0-F17F-BED8-E7A1-C4B28CACC7D6}"
EndProject
Project("{FAE04EC0-301F-11D3-BF4B-00C04F79EFBC}") = "Unity.ProBuilder.Poly2Tri", "Unity.ProBuilder.Poly2Tri.Player.csproj", "{756C1006-0F4F-4EB2-3347-EC2EFE372C18}"
EndProject
Project("{FAE04EC0-301F-11D3-BF4B-00C04F79EFBC}") = "Unity.Analytics.DataPrivacy", "Unity.Analytics.DataPrivacy.Player.csproj", "{30555B8C-85F8-6F4C-1C5C-CAF839D41BAF}"
EndProject
Project("{FAE04EC0-301F-11D3-BF4B-00C04F79EFBC}") = "Unity.ProBuilder.KdTree", "Unity.ProBuilder.KdTree.Player.csproj", "{A355263D-C091-976F-2D19-CAA7BD33F33C}"
EndProject
Project("{FAE04EC0-301F-11D3-BF4B-00C04F79EFBC}") = "UnityEngine.Monetization", "UnityEngine.Monetization.Player.csproj", "{A2F23ACA-D981-9376-826B-F7506430CEE5}"
EndProject
Project("{FAE04EC0-301F-11D3-BF4B-00C04F79EFBC}") = "UnityEngine.XR.LegacyInputHelpers", "UnityEngine.XR.LegacyInputHelpers.Player.csproj", "{00A07A4B-6152-0B9C-BF72-C2137ED18458}"
EndProject
Project("{FAE04EC0-301F-11D3-BF4B-00C04F79EFBC}") = "Unity.ProBuilder.Csg", "Unity.ProBuilder.Csg.Player.csproj", "{42C842E6-7C0A-FCBF-62A1-861AE80F130C}"
EndProject
Project("{FAE04EC0-301F-11D3-BF4B-00C04F79EFBC}") = "Unity.ProBuilder.Stl", "Unity.ProBuilder.Stl.Player.csproj", "{B3A25EA2-C214-D20C-E9AF-B82ED2926A5D}"
EndProject
Project("{FAE04EC0-301F-11D3-BF4B-00C04F79EFBC}") = "UnityEngine.SpatialTracking", "UnityEngine.SpatialTracking.Player.csproj", "{5BFD3A66-9B2A-B456-8A51-3D671963C10B}"
EndProject
Project("{2150E333-8FDC-42A3-9474-1A3956D46DE8}") = "Solution Items", "Solution Items", "{2952E1BE-84A6-4FBD-9F2D-150917CA6969}"
	ProjectSection(SolutionItems) = preProject
		.editorconfig = .editorconfig
	EndProjectSection
EndProject
Global
	GlobalSection(SolutionConfigurationPlatforms) = preSolution
		Debug|Any CPU = Debug|Any CPU
		Release|Any CPU = Release|Any CPU
	EndGlobalSection
	GlobalSection(ProjectConfigurationPlatforms) = postSolution
		{52DE068B-2C49-5BB5-DB80-FC490196BE0E}.Debug|Any CPU.ActiveCfg = Debug|Any CPU
		{52DE068B-2C49-5BB5-DB80-FC490196BE0E}.Debug|Any CPU.Build.0 = Debug|Any CPU
		{52DE068B-2C49-5BB5-DB80-FC490196BE0E}.Release|Any CPU.ActiveCfg = Release|Any CPU
		{52DE068B-2C49-5BB5-DB80-FC490196BE0E}.Release|Any CPU.Build.0 = Release|Any CPU
		{AF25F29B-9D7D-456E-04F6-C41D586C4D04}.Debug|Any CPU.ActiveCfg = Debug|Any CPU
		{AF25F29B-9D7D-456E-04F6-C41D586C4D04}.Debug|Any CPU.Build.0 = Debug|Any CPU
		{AF25F29B-9D7D-456E-04F6-C41D586C4D04}.Release|Any CPU.ActiveCfg = Release|Any CPU
		{AF25F29B-9D7D-456E-04F6-C41D586C4D04}.Release|Any CPU.Build.0 = Release|Any CPU
		{EBD48AF2-A6B5-2DFD-7AFE-0B4267A5E86F}.Debug|Any CPU.ActiveCfg = Debug|Any CPU
		{EBD48AF2-A6B5-2DFD-7AFE-0B4267A5E86F}.Debug|Any CPU.Build.0 = Debug|Any CPU
		{EBD48AF2-A6B5-2DFD-7AFE-0B4267A5E86F}.Release|Any CPU.ActiveCfg = Release|Any CPU
		{EBD48AF2-A6B5-2DFD-7AFE-0B4267A5E86F}.Release|Any CPU.Build.0 = Release|Any CPU
		{9BAFC2EF-67B2-730B-D26C-28D9EA5AAB34}.Debug|Any CPU.ActiveCfg = Debug|Any CPU
		{9BAFC2EF-67B2-730B-D26C-28D9EA5AAB34}.Debug|Any CPU.Build.0 = Debug|Any CPU
		{9BAFC2EF-67B2-730B-D26C-28D9EA5AAB34}.Release|Any CPU.ActiveCfg = Release|Any CPU
		{9BAFC2EF-67B2-730B-D26C-28D9EA5AAB34}.Release|Any CPU.Build.0 = Release|Any CPU
		{B17E120F-FFDB-1CC0-172D-48717C12A3DF}.Debug|Any CPU.ActiveCfg = Debug|Any CPU
		{B17E120F-FFDB-1CC0-172D-48717C12A3DF}.Debug|Any CPU.Build.0 = Debug|Any CPU
		{B17E120F-FFDB-1CC0-172D-48717C12A3DF}.Release|Any CPU.ActiveCfg = Release|Any CPU
		{B17E120F-FFDB-1CC0-172D-48717C12A3DF}.Release|Any CPU.Build.0 = Release|Any CPU
		{4FD5E764-870B-02F2-BF69-3CB118D3F8CC}.Debug|Any CPU.ActiveCfg = Debug|Any CPU
		{4FD5E764-870B-02F2-BF69-3CB118D3F8CC}.Debug|Any CPU.Build.0 = Debug|Any CPU
		{4FD5E764-870B-02F2-BF69-3CB118D3F8CC}.Release|Any CPU.ActiveCfg = Release|Any CPU
		{4FD5E764-870B-02F2-BF69-3CB118D3F8CC}.Release|Any CPU.Build.0 = Release|Any CPU
		{A76CD8F1-56C1-B4AF-C106-14B280448218}.Debug|Any CPU.ActiveCfg = Debug|Any CPU
		{A76CD8F1-56C1-B4AF-C106-14B280448218}.Debug|Any CPU.Build.0 = Debug|Any CPU
		{A76CD8F1-56C1-B4AF-C106-14B280448218}.Release|Any CPU.ActiveCfg = Release|Any CPU
		{A76CD8F1-56C1-B4AF-C106-14B280448218}.Release|Any CPU.Build.0 = Release|Any CPU
		{CF599C0A-4FE0-DCF8-95F8-C58B83A58181}.Debug|Any CPU.ActiveCfg = Debug|Any CPU
		{CF599C0A-4FE0-DCF8-95F8-C58B83A58181}.Debug|Any CPU.Build.0 = Debug|Any CPU
		{CF599C0A-4FE0-DCF8-95F8-C58B83A58181}.Release|Any CPU.ActiveCfg = Release|Any CPU
		{CF599C0A-4FE0-DCF8-95F8-C58B83A58181}.Release|Any CPU.Build.0 = Release|Any CPU
		{B29D216D-0C65-3037-75ED-DF2FC2109B2E}.Debug|Any CPU.ActiveCfg = Debug|Any CPU
		{B29D216D-0C65-3037-75ED-DF2FC2109B2E}.Debug|Any CPU.Build.0 = Debug|Any CPU
		{B29D216D-0C65-3037-75ED-DF2FC2109B2E}.Release|Any CPU.ActiveCfg = Release|Any CPU
		{B29D216D-0C65-3037-75ED-DF2FC2109B2E}.Release|Any CPU.Build.0 = Release|Any CPU
		{459BFA0F-2E6C-8578-9B60-ED9477723A8C}.Debug|Any CPU.ActiveCfg = Debug|Any CPU
		{459BFA0F-2E6C-8578-9B60-ED9477723A8C}.Debug|Any CPU.Build.0 = Debug|Any CPU
		{459BFA0F-2E6C-8578-9B60-ED9477723A8C}.Release|Any CPU.ActiveCfg = Release|Any CPU
		{459BFA0F-2E6C-8578-9B60-ED9477723A8C}.Release|Any CPU.Build.0 = Release|Any CPU
		{5BAE7376-94E6-D82C-1825-C0CBE9214FE4}.Debug|Any CPU.ActiveCfg = Debug|Any CPU
		{5BAE7376-94E6-D82C-1825-C0CBE9214FE4}.Debug|Any CPU.Build.0 = Debug|Any CPU
		{5BAE7376-94E6-D82C-1825-C0CBE9214FE4}.Release|Any CPU.ActiveCfg = Release|Any CPU
		{5BAE7376-94E6-D82C-1825-C0CBE9214FE4}.Release|Any CPU.Build.0 = Release|Any CPU
		{BDC7CEE1-EC30-AEA8-6DF3-5B36F214F040}.Debug|Any CPU.ActiveCfg = Debug|Any CPU
		{BDC7CEE1-EC30-AEA8-6DF3-5B36F214F040}.Debug|Any CPU.Build.0 = Debug|Any CPU
		{BDC7CEE1-EC30-AEA8-6DF3-5B36F214F040}.Release|Any CPU.ActiveCfg = Release|Any CPU
		{BDC7CEE1-EC30-AEA8-6DF3-5B36F214F040}.Release|Any CPU.Build.0 = Release|Any CPU
		{47E29DD0-B46B-9982-8427-64AB439FE034}.Debug|Any CPU.ActiveCfg = Debug|Any CPU
		{47E29DD0-B46B-9982-8427-64AB439FE034}.Debug|Any CPU.Build.0 = Debug|Any CPU
		{47E29DD0-B46B-9982-8427-64AB439FE034}.Release|Any CPU.ActiveCfg = Release|Any CPU
		{47E29DD0-B46B-9982-8427-64AB439FE034}.Release|Any CPU.Build.0 = Release|Any CPU
		{D9B7FA33-DF35-0B0F-0480-D6E66A39F121}.Debug|Any CPU.ActiveCfg = Debug|Any CPU
		{D9B7FA33-DF35-0B0F-0480-D6E66A39F121}.Debug|Any CPU.Build.0 = Debug|Any CPU
		{D9B7FA33-DF35-0B0F-0480-D6E66A39F121}.Release|Any CPU.ActiveCfg = Release|Any CPU
		{D9B7FA33-DF35-0B0F-0480-D6E66A39F121}.Release|Any CPU.Build.0 = Release|Any CPU
		{BE899664-FD62-27E2-3865-A2D9063EE723}.Debug|Any CPU.ActiveCfg = Debug|Any CPU
		{BE899664-FD62-27E2-3865-A2D9063EE723}.Debug|Any CPU.Build.0 = Debug|Any CPU
		{BE899664-FD62-27E2-3865-A2D9063EE723}.Release|Any CPU.ActiveCfg = Release|Any CPU
		{BE899664-FD62-27E2-3865-A2D9063EE723}.Release|Any CPU.Build.0 = Release|Any CPU
		{A9A01957-BACC-0A2A-3021-06E91E3EB2CB}.Debug|Any CPU.ActiveCfg = Debug|Any CPU
		{A9A01957-BACC-0A2A-3021-06E91E3EB2CB}.Debug|Any CPU.Build.0 = Debug|Any CPU
		{A9A01957-BACC-0A2A-3021-06E91E3EB2CB}.Release|Any CPU.ActiveCfg = Release|Any CPU
		{A9A01957-BACC-0A2A-3021-06E91E3EB2CB}.Release|Any CPU.Build.0 = Release|Any CPU
		{A73A4CD1-27DF-113F-619F-3B4F76272B9D}.Debug|Any CPU.ActiveCfg = Debug|Any CPU
		{A73A4CD1-27DF-113F-619F-3B4F76272B9D}.Debug|Any CPU.Build.0 = Debug|Any CPU
		{A73A4CD1-27DF-113F-619F-3B4F76272B9D}.Release|Any CPU.ActiveCfg = Release|Any CPU
		{A73A4CD1-27DF-113F-619F-3B4F76272B9D}.Release|Any CPU.Build.0 = Release|Any CPU
		{830F88FC-E3E4-62D0-8190-58A201E2C139}.Debug|Any CPU.ActiveCfg = Debug|Any CPU
		{830F88FC-E3E4-62D0-8190-58A201E2C139}.Debug|Any CPU.Build.0 = Debug|Any CPU
		{830F88FC-E3E4-62D0-8190-58A201E2C139}.Release|Any CPU.ActiveCfg = Release|Any CPU
		{830F88FC-E3E4-62D0-8190-58A201E2C139}.Release|Any CPU.Build.0 = Release|Any CPU
		{0D433452-38D9-49ED-35F9-FEDA806894C8}.Debug|Any CPU.ActiveCfg = Debug|Any CPU
		{0D433452-38D9-49ED-35F9-FEDA806894C8}.Debug|Any CPU.Build.0 = Debug|Any CPU
		{0D433452-38D9-49ED-35F9-FEDA806894C8}.Release|Any CPU.ActiveCfg = Release|Any CPU
		{0D433452-38D9-49ED-35F9-FEDA806894C8}.Release|Any CPU.Build.0 = Release|Any CPU
		{FC6E2563-C3EE-3BAB-9426-46CD02BBC024}.Debug|Any CPU.ActiveCfg = Debug|Any CPU
		{FC6E2563-C3EE-3BAB-9426-46CD02BBC024}.Debug|Any CPU.Build.0 = Debug|Any CPU
		{FC6E2563-C3EE-3BAB-9426-46CD02BBC024}.Release|Any CPU.ActiveCfg = Release|Any CPU
		{FC6E2563-C3EE-3BAB-9426-46CD02BBC024}.Release|Any CPU.Build.0 = Release|Any CPU
		{30847AAD-E120-46E6-9C0B-46E251DE58B0}.Debug|Any CPU.ActiveCfg = Debug|Any CPU
		{30847AAD-E120-46E6-9C0B-46E251DE58B0}.Debug|Any CPU.Build.0 = Debug|Any CPU
		{30847AAD-E120-46E6-9C0B-46E251DE58B0}.Release|Any CPU.ActiveCfg = Release|Any CPU
		{30847AAD-E120-46E6-9C0B-46E251DE58B0}.Release|Any CPU.Build.0 = Release|Any CPU
		{07538929-166F-1D06-616D-4E44E7AD6770}.Debug|Any CPU.ActiveCfg = Debug|Any CPU
		{07538929-166F-1D06-616D-4E44E7AD6770}.Debug|Any CPU.Build.0 = Debug|Any CPU
		{07538929-166F-1D06-616D-4E44E7AD6770}.Release|Any CPU.ActiveCfg = Release|Any CPU
		{07538929-166F-1D06-616D-4E44E7AD6770}.Release|Any CPU.Build.0 = Release|Any CPU
		{172A1FFB-784E-1F70-B0CD-7415A8521E9C}.Debug|Any CPU.ActiveCfg = Debug|Any CPU
		{172A1FFB-784E-1F70-B0CD-7415A8521E9C}.Debug|Any CPU.Build.0 = Debug|Any CPU
		{172A1FFB-784E-1F70-B0CD-7415A8521E9C}.Release|Any CPU.ActiveCfg = Release|Any CPU
		{172A1FFB-784E-1F70-B0CD-7415A8521E9C}.Release|Any CPU.Build.0 = Release|Any CPU
		{3A336E4C-6587-6614-2565-A573AEA1DADF}.Debug|Any CPU.ActiveCfg = Debug|Any CPU
		{3A336E4C-6587-6614-2565-A573AEA1DADF}.Debug|Any CPU.Build.0 = Debug|Any CPU
		{3A336E4C-6587-6614-2565-A573AEA1DADF}.Release|Any CPU.ActiveCfg = Release|Any CPU
		{3A336E4C-6587-6614-2565-A573AEA1DADF}.Release|Any CPU.Build.0 = Release|Any CPU
		{0DD86726-546F-65DD-9E03-D35F09983C2C}.Debug|Any CPU.ActiveCfg = Debug|Any CPU
		{0DD86726-546F-65DD-9E03-D35F09983C2C}.Debug|Any CPU.Build.0 = Debug|Any CPU
		{0DD86726-546F-65DD-9E03-D35F09983C2C}.Release|Any CPU.ActiveCfg = Release|Any CPU
		{0DD86726-546F-65DD-9E03-D35F09983C2C}.Release|Any CPU.Build.0 = Release|Any CPU
		{F2842075-9A43-C99E-D72E-7E872278F0E4}.Debug|Any CPU.ActiveCfg = Debug|Any CPU
		{F2842075-9A43-C99E-D72E-7E872278F0E4}.Debug|Any CPU.Build.0 = Debug|Any CPU
		{F2842075-9A43-C99E-D72E-7E872278F0E4}.Release|Any CPU.ActiveCfg = Release|Any CPU
		{F2842075-9A43-C99E-D72E-7E872278F0E4}.Release|Any CPU.Build.0 = Release|Any CPU
		{0393AD72-5120-8C4C-0C28-7D37928EBA50}.Debug|Any CPU.ActiveCfg = Debug|Any CPU
		{0393AD72-5120-8C4C-0C28-7D37928EBA50}.Debug|Any CPU.Build.0 = Debug|Any CPU
		{0393AD72-5120-8C4C-0C28-7D37928EBA50}.Release|Any CPU.ActiveCfg = Release|Any CPU
		{0393AD72-5120-8C4C-0C28-7D37928EBA50}.Release|Any CPU.Build.0 = Release|Any CPU
		{E747F460-49F3-FB5E-9811-29B536B99B22}.Debug|Any CPU.ActiveCfg = Debug|Any CPU
		{E747F460-49F3-FB5E-9811-29B536B99B22}.Debug|Any CPU.Build.0 = Debug|Any CPU
		{E747F460-49F3-FB5E-9811-29B536B99B22}.Release|Any CPU.ActiveCfg = Release|Any CPU
		{E747F460-49F3-FB5E-9811-29B536B99B22}.Release|Any CPU.Build.0 = Release|Any CPU
		{ED5950B3-733C-1DA9-418C-BF952919DDA6}.Debug|Any CPU.ActiveCfg = Debug|Any CPU
		{ED5950B3-733C-1DA9-418C-BF952919DDA6}.Debug|Any CPU.Build.0 = Debug|Any CPU
		{ED5950B3-733C-1DA9-418C-BF952919DDA6}.Release|Any CPU.ActiveCfg = Release|Any CPU
		{ED5950B3-733C-1DA9-418C-BF952919DDA6}.Release|Any CPU.Build.0 = Release|Any CPU
		{23D7C387-79EC-9F4F-E409-3F17CC8276BE}.Debug|Any CPU.ActiveCfg = Debug|Any CPU
		{23D7C387-79EC-9F4F-E409-3F17CC8276BE}.Debug|Any CPU.Build.0 = Debug|Any CPU
		{23D7C387-79EC-9F4F-E409-3F17CC8276BE}.Release|Any CPU.ActiveCfg = Release|Any CPU
		{23D7C387-79EC-9F4F-E409-3F17CC8276BE}.Release|Any CPU.Build.0 = Release|Any CPU
		{E5D6DF97-E4F6-EE76-D6E2-74BAB49E5C42}.Debug|Any CPU.ActiveCfg = Debug|Any CPU
		{E5D6DF97-E4F6-EE76-D6E2-74BAB49E5C42}.Debug|Any CPU.Build.0 = Debug|Any CPU
		{E5D6DF97-E4F6-EE76-D6E2-74BAB49E5C42}.Release|Any CPU.ActiveCfg = Release|Any CPU
		{E5D6DF97-E4F6-EE76-D6E2-74BAB49E5C42}.Release|Any CPU.Build.0 = Release|Any CPU
		{9722AEFD-82A6-E21B-CCD5-149DD44E0131}.Debug|Any CPU.ActiveCfg = Debug|Any CPU
		{9722AEFD-82A6-E21B-CCD5-149DD44E0131}.Debug|Any CPU.Build.0 = Debug|Any CPU
		{9722AEFD-82A6-E21B-CCD5-149DD44E0131}.Release|Any CPU.ActiveCfg = Release|Any CPU
		{9722AEFD-82A6-E21B-CCD5-149DD44E0131}.Release|Any CPU.Build.0 = Release|Any CPU
		{840EED33-483A-31D7-58F9-977DBA9CD41B}.Debug|Any CPU.ActiveCfg = Debug|Any CPU
		{840EED33-483A-31D7-58F9-977DBA9CD41B}.Debug|Any CPU.Build.0 = Debug|Any CPU
		{840EED33-483A-31D7-58F9-977DBA9CD41B}.Release|Any CPU.ActiveCfg = Release|Any CPU
		{840EED33-483A-31D7-58F9-977DBA9CD41B}.Release|Any CPU.Build.0 = Release|Any CPU
		{00CCF0A0-6DD2-ABE6-3F9C-005CEE23B69A}.Debug|Any CPU.ActiveCfg = Debug|Any CPU
		{00CCF0A0-6DD2-ABE6-3F9C-005CEE23B69A}.Debug|Any CPU.Build.0 = Debug|Any CPU
		{00CCF0A0-6DD2-ABE6-3F9C-005CEE23B69A}.Release|Any CPU.ActiveCfg = Release|Any CPU
		{00CCF0A0-6DD2-ABE6-3F9C-005CEE23B69A}.Release|Any CPU.Build.0 = Release|Any CPU
		{1872F94C-ABFD-33D2-EA95-4FEEC8C456BA}.Debug|Any CPU.ActiveCfg = Debug|Any CPU
		{1872F94C-ABFD-33D2-EA95-4FEEC8C456BA}.Debug|Any CPU.Build.0 = Debug|Any CPU
		{1872F94C-ABFD-33D2-EA95-4FEEC8C456BA}.Release|Any CPU.ActiveCfg = Release|Any CPU
		{1872F94C-ABFD-33D2-EA95-4FEEC8C456BA}.Release|Any CPU.Build.0 = Release|Any CPU
		{54F40E36-84B3-A0BE-73B0-383C67D08E0F}.Debug|Any CPU.ActiveCfg = Debug|Any CPU
		{54F40E36-84B3-A0BE-73B0-383C67D08E0F}.Debug|Any CPU.Build.0 = Debug|Any CPU
		{54F40E36-84B3-A0BE-73B0-383C67D08E0F}.Release|Any CPU.ActiveCfg = Release|Any CPU
		{54F40E36-84B3-A0BE-73B0-383C67D08E0F}.Release|Any CPU.Build.0 = Release|Any CPU
		{D0D23EB7-D439-0B7A-1510-A7A456387272}.Debug|Any CPU.ActiveCfg = Debug|Any CPU
		{D0D23EB7-D439-0B7A-1510-A7A456387272}.Debug|Any CPU.Build.0 = Debug|Any CPU
		{D0D23EB7-D439-0B7A-1510-A7A456387272}.Release|Any CPU.ActiveCfg = Release|Any CPU
		{D0D23EB7-D439-0B7A-1510-A7A456387272}.Release|Any CPU.Build.0 = Release|Any CPU
		{448E990A-DA50-5DA7-9980-04F599C6C4E6}.Debug|Any CPU.ActiveCfg = Debug|Any CPU
		{448E990A-DA50-5DA7-9980-04F599C6C4E6}.Debug|Any CPU.Build.0 = Debug|Any CPU
		{448E990A-DA50-5DA7-9980-04F599C6C4E6}.Release|Any CPU.ActiveCfg = Release|Any CPU
		{448E990A-DA50-5DA7-9980-04F599C6C4E6}.Release|Any CPU.Build.0 = Release|Any CPU
		{8A6F2BD7-D84F-E8E8-5FC2-974C836A0A61}.Debug|Any CPU.ActiveCfg = Debug|Any CPU
		{8A6F2BD7-D84F-E8E8-5FC2-974C836A0A61}.Debug|Any CPU.Build.0 = Debug|Any CPU
		{8A6F2BD7-D84F-E8E8-5FC2-974C836A0A61}.Release|Any CPU.ActiveCfg = Release|Any CPU
		{8A6F2BD7-D84F-E8E8-5FC2-974C836A0A61}.Release|Any CPU.Build.0 = Release|Any CPU
		{86873AEB-9797-07E6-DB2F-64D1FCD6E078}.Debug|Any CPU.ActiveCfg = Debug|Any CPU
		{86873AEB-9797-07E6-DB2F-64D1FCD6E078}.Debug|Any CPU.Build.0 = Debug|Any CPU
		{86873AEB-9797-07E6-DB2F-64D1FCD6E078}.Release|Any CPU.ActiveCfg = Release|Any CPU
		{86873AEB-9797-07E6-DB2F-64D1FCD6E078}.Release|Any CPU.Build.0 = Release|Any CPU
		{1594C984-270B-976C-9812-63B90C4D3139}.Debug|Any CPU.ActiveCfg = Debug|Any CPU
		{1594C984-270B-976C-9812-63B90C4D3139}.Debug|Any CPU.Build.0 = Debug|Any CPU
		{1594C984-270B-976C-9812-63B90C4D3139}.Release|Any CPU.ActiveCfg = Release|Any CPU
		{1594C984-270B-976C-9812-63B90C4D3139}.Release|Any CPU.Build.0 = Release|Any CPU
		{599348A3-17DB-4EF5-445C-0CD8575111C6}.Debug|Any CPU.ActiveCfg = Debug|Any CPU
		{599348A3-17DB-4EF5-445C-0CD8575111C6}.Debug|Any CPU.Build.0 = Debug|Any CPU
		{599348A3-17DB-4EF5-445C-0CD8575111C6}.Release|Any CPU.ActiveCfg = Release|Any CPU
		{599348A3-17DB-4EF5-445C-0CD8575111C6}.Release|Any CPU.Build.0 = Release|Any CPU
		{5F82E92D-29E6-076A-3D06-3968CFA489D6}.Debug|Any CPU.ActiveCfg = Debug|Any CPU
		{5F82E92D-29E6-076A-3D06-3968CFA489D6}.Debug|Any CPU.Build.0 = Debug|Any CPU
		{5F82E92D-29E6-076A-3D06-3968CFA489D6}.Release|Any CPU.ActiveCfg = Release|Any CPU
		{5F82E92D-29E6-076A-3D06-3968CFA489D6}.Release|Any CPU.Build.0 = Release|Any CPU
		{311623E1-E4DB-3642-16EA-7CD015DDAE21}.Debug|Any CPU.ActiveCfg = Debug|Any CPU
		{311623E1-E4DB-3642-16EA-7CD015DDAE21}.Debug|Any CPU.Build.0 = Debug|Any CPU
		{311623E1-E4DB-3642-16EA-7CD015DDAE21}.Release|Any CPU.ActiveCfg = Release|Any CPU
		{311623E1-E4DB-3642-16EA-7CD015DDAE21}.Release|Any CPU.Build.0 = Release|Any CPU
		{C817ABC0-F17F-BED8-E7A1-C4B28CACC7D6}.Debug|Any CPU.ActiveCfg = Debug|Any CPU
		{C817ABC0-F17F-BED8-E7A1-C4B28CACC7D6}.Debug|Any CPU.Build.0 = Debug|Any CPU
		{C817ABC0-F17F-BED8-E7A1-C4B28CACC7D6}.Release|Any CPU.ActiveCfg = Release|Any CPU
		{C817ABC0-F17F-BED8-E7A1-C4B28CACC7D6}.Release|Any CPU.Build.0 = Release|Any CPU
		{756C1006-0F4F-4EB2-3347-EC2EFE372C18}.Debug|Any CPU.ActiveCfg = Debug|Any CPU
		{756C1006-0F4F-4EB2-3347-EC2EFE372C18}.Debug|Any CPU.Build.0 = Debug|Any CPU
		{756C1006-0F4F-4EB2-3347-EC2EFE372C18}.Release|Any CPU.ActiveCfg = Release|Any CPU
		{756C1006-0F4F-4EB2-3347-EC2EFE372C18}.Release|Any CPU.Build.0 = Release|Any CPU
		{30555B8C-85F8-6F4C-1C5C-CAF839D41BAF}.Debug|Any CPU.ActiveCfg = Debug|Any CPU
		{30555B8C-85F8-6F4C-1C5C-CAF839D41BAF}.Debug|Any CPU.Build.0 = Debug|Any CPU
		{30555B8C-85F8-6F4C-1C5C-CAF839D41BAF}.Release|Any CPU.ActiveCfg = Release|Any CPU
		{30555B8C-85F8-6F4C-1C5C-CAF839D41BAF}.Release|Any CPU.Build.0 = Release|Any CPU
		{A355263D-C091-976F-2D19-CAA7BD33F33C}.Debug|Any CPU.ActiveCfg = Debug|Any CPU
		{A355263D-C091-976F-2D19-CAA7BD33F33C}.Debug|Any CPU.Build.0 = Debug|Any CPU
		{A355263D-C091-976F-2D19-CAA7BD33F33C}.Release|Any CPU.ActiveCfg = Release|Any CPU
		{A355263D-C091-976F-2D19-CAA7BD33F33C}.Release|Any CPU.Build.0 = Release|Any CPU
		{A2F23ACA-D981-9376-826B-F7506430CEE5}.Debug|Any CPU.ActiveCfg = Debug|Any CPU
		{A2F23ACA-D981-9376-826B-F7506430CEE5}.Debug|Any CPU.Build.0 = Debug|Any CPU
		{A2F23ACA-D981-9376-826B-F7506430CEE5}.Release|Any CPU.ActiveCfg = Release|Any CPU
		{A2F23ACA-D981-9376-826B-F7506430CEE5}.Release|Any CPU.Build.0 = Release|Any CPU
		{00A07A4B-6152-0B9C-BF72-C2137ED18458}.Debug|Any CPU.ActiveCfg = Debug|Any CPU
		{00A07A4B-6152-0B9C-BF72-C2137ED18458}.Debug|Any CPU.Build.0 = Debug|Any CPU
		{00A07A4B-6152-0B9C-BF72-C2137ED18458}.Release|Any CPU.ActiveCfg = Release|Any CPU
		{00A07A4B-6152-0B9C-BF72-C2137ED18458}.Release|Any CPU.Build.0 = Release|Any CPU
		{42C842E6-7C0A-FCBF-62A1-861AE80F130C}.Debug|Any CPU.ActiveCfg = Debug|Any CPU
		{42C842E6-7C0A-FCBF-62A1-861AE80F130C}.Debug|Any CPU.Build.0 = Debug|Any CPU
		{42C842E6-7C0A-FCBF-62A1-861AE80F130C}.Release|Any CPU.ActiveCfg = Release|Any CPU
		{42C842E6-7C0A-FCBF-62A1-861AE80F130C}.Release|Any CPU.Build.0 = Release|Any CPU
		{B3A25EA2-C214-D20C-E9AF-B82ED2926A5D}.Debug|Any CPU.ActiveCfg = Debug|Any CPU
		{B3A25EA2-C214-D20C-E9AF-B82ED2926A5D}.Debug|Any CPU.Build.0 = Debug|Any CPU
		{B3A25EA2-C214-D20C-E9AF-B82ED2926A5D}.Release|Any CPU.ActiveCfg = Release|Any CPU
		{B3A25EA2-C214-D20C-E9AF-B82ED2926A5D}.Release|Any CPU.Build.0 = Release|Any CPU
		{5BFD3A66-9B2A-B456-8A51-3D671963C10B}.Debug|Any CPU.ActiveCfg = Debug|Any CPU
		{5BFD3A66-9B2A-B456-8A51-3D671963C10B}.Debug|Any CPU.Build.0 = Debug|Any CPU
		{5BFD3A66-9B2A-B456-8A51-3D671963C10B}.Release|Any CPU.ActiveCfg = Release|Any CPU
		{5BFD3A66-9B2A-B456-8A51-3D671963C10B}.Release|Any CPU.Build.0 = Release|Any CPU
	EndGlobalSection
	GlobalSection(SolutionProperties) = preSolution
		HideSolutionNode = FALSE
	EndGlobalSection
EndGlobal
