
Microsoft Visual Studio Solution File, Format Version 11.00
# Visual Studio 2010
Project("{FAE04EC0-301F-11D3-BF4B-00C04F79EFBC}") = "Assembly-CSharp", "Assembly-CSharp.csproj", "{B17E120F-FFDB-1CC0-172D-48717C12A3DF}"
EndProject
Project("{FAE04EC0-301F-11D3-BF4B-00C04F79EFBC}") = "Assembly-CSharp-Editor", "Assembly-CSharp-Editor.csproj", "{F2842075-9A43-C99E-D72E-7E872278F0E4}"
EndProject
Global
	GlobalSection(SolutionConfigurationPlatforms) = preSolution
		Debug|Any CPU = Debug|Any CPU
		Release|Any CPU = Release|Any CPU
	EndGlobalSection
	GlobalSection(ProjectConfigurationPlatforms) = postSolution
		{B17E120F-FFDB-1CC0-172D-48717C12A3DF}.Debug|Any CPU.ActiveCfg = Debug|Any CPU
		{B17E120F-FFDB-1CC0-172D-48717C12A3DF}.Debug|Any CPU.Build.0 = Debug|Any CPU
		{B17E120F-FFDB-1CC0-172D-48717C12A3DF}.Release|Any CPU.ActiveCfg = Release|Any CPU
		{B17E120F-FFDB-1CC0-172D-48717C12A3DF}.Release|Any CPU.Build.0 = Release|Any CPU
		{F2842075-9A43-C99E-D72E-7E872278F0E4}.Debug|Any CPU.ActiveCfg = Debug|Any CPU
		{F2842075-9A43-C99E-D72E-7E872278F0E4}.Debug|Any CPU.Build.0 = Debug|Any CPU
		{F2842075-9A43-C99E-D72E-7E872278F0E4}.Release|Any CPU.ActiveCfg = Release|Any CPU
		{F2842075-9A43-C99E-D72E-7E872278F0E4}.Release|Any CPU.Build.0 = Release|Any CPU
	EndGlobalSection
	GlobalSection(SolutionProperties) = preSolution
		HideSolutionNode = FALSE
	EndGlobalSection
EndGlobal
